// !$*UTF8*$!
{
	archiveVersion = 1;
	classes = {
	};
	objectVersion = 50;
	objects = {

/* Begin PBXBuildFile section */
		9B1073842360FD2A009CF27D /* FullTimeEmployee.swift in Sources */ = {isa = PBXBuildFile; fileRef = 9B10737F2360FD2A009CF27D /* FullTimeEmployee.swift */; };
		9B1073862360FD2A009CF27D /* Employees.swift in Sources */ = {isa = PBXBuildFile; fileRef = 9B1073812360FD2A009CF27D /* Employees.swift */; };
		9B1073872360FD2A009CF27D /* PartTimeEmployee.swift in Sources */ = {isa = PBXBuildFile; fileRef = 9B1073822360FD2A009CF27D /* PartTimeEmployee.swift */; };
		9B1073882360FD2A009CF27D /* SalaryEmployee.swift in Sources */ = {isa = PBXBuildFile; fileRef = 9B1073832360FD2A009CF27D /* SalaryEmployee.swift */; };
		9B10738A2360FDAB009CF27D /* main.swift in Sources */ = {isa = PBXBuildFile; fileRef = 9B1073892360FDAB009CF27D /* main.swift */; };
/* End PBXBuildFile section */

/* Begin PBXCopyFilesBuildPhase section */
		9B1073732360FCD5009CF27D /* CopyFiles */ = {
			isa = PBXCopyFilesBuildPhase;
			buildActionMask = 2147483647;
			dstPath = /usr/share/man/man1/;
			dstSubfolderSpec = 0;
			files = (
			);
			runOnlyForDeploymentPostprocessing = 1;
		};
/* End PBXCopyFilesBuildPhase section */

/* Begin PBXFileReference section */
		9B1073752360FCD5009CF27D /* FinalPro */ = {isa = PBXFileReference; explicitFileType = "compiled.mach-o.executable"; includeInIndex = 0; path = FinalPro; sourceTree = BUILT_PRODUCTS_DIR; };
		9B10737F2360FD2A009CF27D /* FullTimeEmployee.swift */ = {isa = PBXFileReference; fileEncoding = 4; lastKnownFileType = sourcecode.swift; name = FullTimeEmployee.swift; path = ../../../Downloads/FullTimeEmployee.swift; sourceTree = "<group>"; };
		9B1073812360FD2A009CF27D /* Employees.swift */ = {isa = PBXFileReference; fileEncoding = 4; lastKnownFileType = sourcecode.swift; name = Employees.swift; path = ../../../Downloads/Employees.swift; sourceTree = "<group>"; };
		9B1073822360FD2A009CF27D /* PartTimeEmployee.swift */ = {isa = PBXFileReference; fileEncoding = 4; lastKnownFileType = sourcecode.swift; name = PartTimeEmployee.swift; path = ../../../Downloads/PartTimeEmployee.swift; sourceTree = "<group>"; };
		9B1073832360FD2A009CF27D /* SalaryEmployee.swift */ = {isa = PBXFileReference; fileEncoding = 4; lastKnownFileType = sourcecode.swift; name = SalaryEmployee.swift; path = ../../../Downloads/SalaryEmployee.swift; sourceTree = "<group>"; };
		9B1073892360FDAB009CF27D /* main.swift */ = {isa = PBXFileReference; fileEncoding = 4; lastKnownFileType = sourcecode.swift; name = main.swift; path = ../../../Downloads/main.swift; sourceTree = "<group>"; };
/* End PBXFileReference section */

/* Begin PBXFrameworksBuildPhase section */
		9B1073722360FCD5009CF27D /* Frameworks */ = {
			isa = PBXFrameworksBuildPhase;
			buildActionMask = 2147483647;
			files = (
			);
			runOnlyForDeploymentPostprocessing = 0;
		};
/* End PBXFrameworksBuildPhase section */

/* Begin PBXGroup section */
		9B10736C2360FCD5009CF27D = {
			isa = PBXGroup;
			children = (
				9B1073772360FCD5009CF27D /* FinalPro */,
				9B1073762360FCD5009CF27D /* Products */,
			);
			sourceTree = "<group>";
		};
		9B1073762360FCD5009CF27D /* Products */ = {
			isa = PBXGroup;
			children = (
				9B1073752360FCD5009CF27D /* FinalPro */,
			);
			name = Products;
			sourceTree = "<group>";
		};
		9B1073772360FCD5009CF27D /* FinalPro */ = {
			isa = PBXGroup;
			children = (
				9B1073812360FD2A009CF27D /* Employees.swift */,
				9B10737F2360FD2A009CF27D /* FullTimeEmployee.swift */,
				9B1073822360FD2A009CF27D /* PartTimeEmployee.swift */,
				9B1073832360FD2A009CF27D /* SalaryEmployee.swift */,
				9B1073892360FDAB009CF27D /* main.swift */,
			);
			path = FinalPro;
			sourceTree = "<group>";
		};
/* End PBXGroup section */

/* Begin PBXNativeTarget section */
		9B1073742360FCD5009CF27D /* FinalPro */ = {
			isa = PBXNativeTarget;
			buildConfigurationList = 9B10737C2360FCD5009CF27D /* Build configuration list for PBXNativeTarget "FinalPro" */;
			buildPhases = (
				9B1073712360FCD5009CF27D /* Sources */,
				9B1073722360FCD5009CF27D /* Frameworks */,
				9B1073732360FCD5009CF27D /* CopyFiles */,
			);
			buildRules = (
			);
			dependencies = (
			);
			name = FinalPro;
			productName = FinalPro;
			productReference = 9B1073752360FCD5009CF27D /* FinalPro */;
			productType = "com.apple.product-type.tool";
		};
/* End PBXNativeTarget section */

/* Begin PBXProject section */
		9B10736D2360FCD5009CF27D /* Project object */ = {
			isa = PBXProject;
			attributes = {
				LastSwiftUpdateCheck = 1030;
				LastUpgradeCheck = 1030;
				ORGANIZATIONNAME = MacStudent;
				TargetAttributes = {
					9B1073742360FCD5009CF27D = {
						CreatedOnToolsVersion = 10.3;
					};
				};
			};
			buildConfigurationList = 9B1073702360FCD5009CF27D /* Build configuration list for PBXProject "FinalPro" */;
			compatibilityVersion = "Xcode 9.3";
			developmentRegion = en;
			hasScannedForEncodings = 0;
			knownRegions = (
				en,
			);
			mainGroup = 9B10736C2360FCD5009CF27D;
			productRefGroup = 9B1073762360FCD5009CF27D /* Products */;
			projectDirPath = "";
			projectRoot = "";
			targets = (
				9B1073742360FCD5009CF27D /* FinalPro */,
			);
		};
/* End PBXProject section */

/* Begin PBXSourcesBuildPhase section */
		9B1073712360FCD5009CF27D /* Sources */ = {
			isa = PBXSourcesBuildPhase;
			buildActionMask = 2147483647;
			files = (
				9B1073882360FD2A009CF27D /* SalaryEmployee.swift in Sources */,
				9B10738A2360FDAB009CF27D /* main.swift in Sources */,
				9B1073872360FD2A009CF27D /* PartTimeEmployee.swift in Sources */,
				9B1073862360FD2A009CF27D /* Employees.swift in Sources */,
				9B1073842360FD2A009CF27D /* FullTimeEmployee.swift in Sources */,
			);
			runOnlyForDeploymentPostprocessing = 0;
		};
/* End PBXSourcesBuildPhase section */

/* Begin XCBuildConfiguration section */
		9B10737A2360FCD5009CF27D /* Debug */ = {
			isa = XCBuildConfiguration;
			buildSettings = {
				ALWAYS_SEARCH_USER_PATHS = NO;
				CLANG_ANALYZER_NONNULL = YES;
				CLANG_ANALYZER_NUMBER_OBJECT_CONVERSION = YES_AGGRESSIVE;
				CLANG_CXX_LANGUAGE_STANDARD = "gnu++14";
				CLANG_CXX_LIBRARY = "libc++";
				CLANG_ENABLE_MODULES = YES;
				CLANG_ENABLE_OBJC_ARC = YES;
				CLANG_ENABLE_OBJC_WEAK = YES;
				CLANG_WARN_BLOCK_CAPTURE_AUTORELEASING = YES;
				CLANG_WARN_BOOL_CONVERSION = YES;
				CLANG_WARN_COMMA = YES;
				CLANG_WARN_CONSTANT_CONVERSION = YES;
				CLANG_WARN_DEPRECATED_OBJC_IMPLEMENTATIONS = YES;
				CLANG_WARN_DIRECT_OBJC_ISA_USAGE = YES_ERROR;
				CLANG_WARN_DOCUMENTATION_COMMENTS = YES;
				CLANG_WARN_EMPTY_BODY = YES;
				CLANG_WARN_ENUM_CONVERSION = YES;
				CLANG_WARN_INFINITE_RECURSION = YES;
				CLANG_WARN_INT_CONVERSION = YES;
				CLANG_WARN_NON_LITERAL_NULL_CONVERSION = YES;
				CLANG_WARN_OBJC_IMPLICIT_RETAIN_SELF = YES;
				CLANG_WARN_OBJC_LITERAL_CONVERSION = YES;
				CLANG_WARN_OBJC_ROOT_CLASS = YES_ERROR;
				CLANG_WARN_RANGE_LOOP_ANALYSIS = YES;
				CLANG_WARN_STRICT_PROTOTYPES = YES;
				CLANG_WARN_SUSPICIOUS_MOVE = YES;
				CLANG_WARN_UNGUARDED_AVAILABILITY = YES_AGGRESSIVE;
				CLANG_WARN_UNREACHABLE_CODE = YES;
				CLANG_WARN__DUPLICATE_METHOD_MATCH = YES;
				CODE_SIGN_IDENTITY = "-";
				COPY_PHASE_STRIP = NO;
				DEBUG_INFORMATION_FORMAT = dwarf;
				ENABLE_STRICT_OBJC_MSGSEND = YES;
				ENABLE_TESTABILITY = YES;
				GCC_C_LANGUAGE_STANDARD = gnu11;
				GCC_DYNAMIC_NO_PIC = NO;
				GCC_NO_COMMON_BLOCKS = YES;
				GCC_OPTIMIZATION_LEVEL = 0;
				GCC_PREPROCESSOR_DEFINITIONS = (
					"DEBUG=1",
					"$(inherited)",
				);
				GCC_WARN_64_TO_32_BIT_CONVERSION = YES;
				GCC_WARN_ABOUT_RETURN_TYPE = YES_ERROR;
				GCC_WARN_UNDECLARED_SELECTOR = YES;
				GCC_WARN_UNINITIALIZED_AUTOS = YES_AGGRESSIVE;
				GCC_WARN_UNUSED_FUNCTION = YES;
				GCC_WARN_UNUSED_VARIABLE = YES;
				MACOSX_DEPLOYMENT_TARGET = 10.14;
				MTL_ENABLE_DEBUG_INFO = INCLUDE_SOURCE;
				MTL_FAST_MATH = YES;
				ONLY_ACTIVE_ARCH = YES;
				SDKROOT = macosx;
				SWIFT_ACTIVE_COMPILATION_CONDITIONS = DEBUG;
				SWIFT_OPTIMIZATION_LEVEL = "-Onone";
			};
			name = Debug;
		};
		9B10737B2360FCD5009CF27D /* Release */ = {
			isa = XCBuildConfiguration;
			buildSettings = {
				ALWAYS_SEARCH_USER_PATHS = NO;
				CLANG_ANALYZER_NONNULL = YES;
				CLANG_ANALYZER_NUMBER_OBJECT_CONVERSION = YES_AGGRESSIVE;
				CLANG_CXX_LANGUAGE_STANDARD = "gnu++14";
				CLANG_CXX_LIBRARY = "libc++";
				CLANG_ENABLE_MODULES = YES;
				CLANG_ENABLE_OBJC_ARC = YES;
				CLANG_ENABLE_OBJC_WEAK = YES;
				CLANG_WARN_BLOCK_CAPTURE_AUTORELEASING = YES;
				CLANG_WARN_BOOL_CONVERSION = YES;
				CLANG_WARN_COMMA = YES;
				CLANG_WARN_CONSTANT_CONVERSION = YES;
				CLANG_WARN_DEPRECATED_OBJC_IMPLEMENTATIONS = YES;
				CLANG_WARN_DIRECT_OBJC_ISA_USAGE = YES_ERROR;
				CLANG_WARN_DOCUMENTATION_COMMENTS = YES;
				CLANG_WARN_EMPTY_BODY = YES;
				CLANG_WARN_ENUM_CONVERSION = YES;
				CLANG_WARN_INFINITE_RECURSION = YES;
				CLANG_WARN_INT_CONVERSION = YES;
				CLANG_WARN_NON_LITERAL_NULL_CONVERSION = YES;
				CLANG_WARN_OBJC_IMPLICIT_RETAIN_SELF = YES;
				CLANG_WARN_OBJC_LITERAL_CONVERSION = YES;
				CLANG_WARN_OBJC_ROOT_CLASS = YES_ERROR;
				CLANG_WARN_RANGE_LOOP_ANALYSIS = YES;
				CLANG_WARN_STRICT_PROTOTYPES = YES;
				CLANG_WARN_SUSPICIOUS_MOVE = YES;
				CLANG_WARN_UNGUARDED_AVAILABILITY = YES_AGGRESSIVE;
				CLANG_WARN_UNREACHABLE_CODE = YES;
				CLANG_WARN__DUPLICATE_METHOD_MATCH = YES;
				CODE_SIGN_IDENTITY = "-";
				COPY_PHASE_STRIP = NO;
				DEBUG_INFORMATION_FORMAT = "dwarf-with-dsym";
				ENABLE_NS_ASSERTIONS = NO;
				ENABLE_STRICT_OBJC_MSGSEND = YES;
				GCC_C_LANGUAGE_STANDARD = gnu11;
				GCC_NO_COMMON_BLOCKS = YES;
				GCC_WARN_64_TO_32_BIT_CONVERSION = YES;
				GCC_WARN_ABOUT_RETURN_TYPE = YES_ERROR;
				GCC_WARN_UNDECLARED_SELECTOR = YES;
				GCC_WARN_UNINITIALIZED_AUTOS = YES_AGGRESSIVE;
				GCC_WARN_UNUSED_FUNCTION = YES;
				GCC_WARN_UNUSED_VARIABLE = YES;
				MACOSX_DEPLOYMENT_TARGET = 10.14;
				MTL_ENABLE_DEBUG_INFO = NO;
				MTL_FAST_MATH = YES;
				SDKROOT = macosx;
				SWIFT_COMPILATION_MODE = wholemodule;
				SWIFT_OPTIMIZATION_LEVEL = "-O";
			};
			name = Release;
		};
		9B10737D2360FCD5009CF27D /* Debug */ = {
			isa = XCBuildConfiguration;
			buildSettings = {
				CODE_SIGN_STYLE = Automatic;
				PRODUCT_NAME = "$(TARGET_NAME)";
				SWIFT_VERSION = 5.0;
			};
			name = Debug;
		};
		9B10737E2360FCD5009CF27D /* Release */ = {
			isa = XCBuildConfiguration;
			buildSettings = {
				CODE_SIGN_STYLE = Automatic;
				PRODUCT_NAME = "$(TARGET_NAME)";
				SWIFT_VERSION = 5.0;
			};
			name = Release;
		};
/* End XCBuildConfiguration section */

/* Begin XCConfigurationList section */
		9B1073702360FCD5009CF27D /* Build configuration list for PBXProject "FinalPro" */ = {
			isa = XCConfigurationList;
			buildConfigurations = (
				9B10737A2360FCD5009CF27D /* Debug */,
				9B10737B2360FCD5009CF27D /* Release */,
			);
			defaultConfigurationIsVisible = 0;
			defaultConfigurationName = Release;
		};
		9B10737C2360FCD5009CF27D /* Build configuration list for PBXNativeTarget "FinalPro" */ = {
			isa = XCConfigurationList;
			buildConfigurations = (
				9B10737D2360FCD5009CF27D /* Debug */,
				9B10737E2360FCD5009CF27D /* Release */,
			);
			defaultConfigurationIsVisible = 0;
			defaultConfigurationName = Release;
		};
/* End XCConfigurationList section */
	};
	rootObject = 9B10736D2360FCD5009CF27D /* Project object */;
}
